// !$*UTF8*$!
{
	archiveVersion = 1;
	classes = {
	};
	objectVersion = 46;
	objects = {

/* Begin PBXBuildFile section */
		AAC2DFCE1B38058800F60397 /* main.m in Sources */ = {isa = PBXBuildFile; fileRef = AAC2DFCD1B38058800F60397 /* main.m */; };
		AAC2DFD11B38058800F60397 /* AppDelegate.m in Sources */ = {isa = PBXBuildFile; fileRef = AAC2DFD01B38058800F60397 /* AppDelegate.m */; };
		AAC2DFD41B38058800F60397 /* ViewController.m in Sources */ = {isa = PBXBuildFile; fileRef = AAC2DFD31B38058800F60397 /* ViewController.m */; };
		AAC2DFD71B38058800F60397 /* Main.storyboard in Resources */ = {isa = PBXBuildFile; fileRef = AAC2DFD51B38058800F60397 /* Main.storyboard */; };
		AAC2DFD91B38058800F60397 /* Images.xcassets in Resources */ = {isa = PBXBuildFile; fileRef = AAC2DFD81B38058800F60397 /* Images.xcassets */; };
		AAC2DFDC1B38058800F60397 /* LaunchScreen.xib in Resources */ = {isa = PBXBuildFile; fileRef = AAC2DFDA1B38058800F60397 /* LaunchScreen.xib */; };
		AAC2DFE81B38058800F60397 /* CLGeocodeTests.m in Sources */ = {isa = PBXBuildFile; fileRef = AAC2DFE71B38058800F60397 /* CLGeocodeTests.m */; };
/* End PBXBuildFile section */

/* Begin PBXContainerItemProxy section */
		AAC2DFE21B38058800F60397 /* PBXContainerItemProxy */ = {
			isa = PBXContainerItemProxy;
			containerPortal = AAC2DFC01B38058800F60397 /* Project object */;
			proxyType = 1;
			remoteGlobalIDString = AAC2DFC71B38058800F60397;
			remoteInfo = CLGeocode;
		};
/* End PBXContainerItemProxy section */

/* Begin PBXFileReference section */
		AAC2DFC81B38058800F60397 /* CLGeocode.app */ = {isa = PBXFileReference; explicitFileType = wrapper.application; includeInIndex = 0; path = CLGeocode.app; sourceTree = BUILT_PRODUCTS_DIR; };
		AAC2DFCC1B38058800F60397 /* Info.plist */ = {isa = PBXFileReference; lastKnownFileType = text.plist.xml; path = Info.plist; sourceTree = "<group>"; };
		AAC2DFCD1B38058800F60397 /* main.m */ = {isa = PBXFileReference; lastKnownFileType = sourcecode.c.objc; path = main.m; sourceTree = "<group>"; };
		AAC2DFCF1B38058800F60397 /* AppDelegate.h */ = {isa = PBXFileReference; lastKnownFileType = sourcecode.c.h; path = AppDelegate.h; sourceTree = "<group>"; };
		AAC2DFD01B38058800F60397 /* AppDelegate.m */ = {isa = PBXFileReference; lastKnownFileType = sourcecode.c.objc; path = AppDelegate.m; sourceTree = "<group>"; };
		AAC2DFD21B38058800F60397 /* ViewController.h */ = {isa = PBXFileReference; lastKnownFileType = sourcecode.c.h; path = ViewController.h; sourceTree = "<group>"; };
		AAC2DFD31B38058800F60397 /* ViewController.m */ = {isa = PBXFileReference; lastKnownFileType = sourcecode.c.objc; path = ViewController.m; sourceTree = "<group>"; };
		AAC2DFD61B38058800F60397 /* Base */ = {isa = PBXFileReference; lastKnownFileType = file.storyboard; name = Base; path = Base.lproj/Main.storyboard; sourceTree = "<group>"; };
		AAC2DFD81B38058800F60397 /* Images.xcassets */ = {isa = PBXFileReference; lastKnownFileType = folder.assetcatalog; path = Images.xcassets; sourceTree = "<group>"; };
		AAC2DFDB1B38058800F60397 /* Base */ = {isa = PBXFileReference; lastKnownFileType = file.xib; name = Base; path = Base.lproj/LaunchScreen.xib; sourceTree = "<group>"; };
		AAC2DFE11B38058800F60397 /* CLGeocodeTests.xctest */ = {isa = PBXFileReference; explicitFileType = wrapper.cfbundle; includeInIndex = 0; path = CLGeocodeTests.xctest; sourceTree = BUILT_PRODUCTS_DIR; };
		AAC2DFE61B38058800F60397 /* Info.plist */ = {isa = PBXFileReference; lastKnownFileType = text.plist.xml; path = Info.plist; sourceTree = "<group>"; };
		AAC2DFE71B38058800F60397 /* CLGeocodeTests.m */ = {isa = PBXFileReference; lastKnownFileType = sourcecode.c.objc; path = CLGeocodeTests.m; sourceTree = "<group>"; };
/* End PBXFileReference section */

/* Begin PBXFrameworksBuildPhase section */
		AAC2DFC51B38058800F60397 /* Frameworks */ = {
			isa = PBXFrameworksBuildPhase;
			buildActionMask = 2147483647;
			files = (
			);
			runOnlyForDeploymentPostprocessing = 0;
		};
		AAC2DFDE1B38058800F60397 /* Frameworks */ = {
			isa = PBXFrameworksBuildPhase;
			buildActionMask = 2147483647;
			files = (
			);
			runOnlyForDeploymentPostprocessing = 0;
		};
/* End PBXFrameworksBuildPhase section */

/* Begin PBXGroup section */
		AAC2DFBF1B38058800F60397 = {
			isa = PBXGroup;
			children = (
				AAC2DFCA1B38058800F60397 /* CLGeocode */,
				AAC2DFE41B38058800F60397 /* CLGeocodeTests */,
				AAC2DFC91B38058800F60397 /* Products */,
			);
			sourceTree = "<group>";
		};
		AAC2DFC91B38058800F60397 /* Products */ = {
			isa = PBXGroup;
			children = (
				AAC2DFC81B38058800F60397 /* CLGeocode.app */,
				AAC2DFE11B38058800F60397 /* CLGeocodeTests.xctest */,
			);
			name = Products;
			sourceTree = "<group>";
		};
		AAC2DFCA1B38058800F60397 /* CLGeocode */ = {
			isa = PBXGroup;
			children = (
				AAC2DFCF1B38058800F60397 /* AppDelegate.h */,
				AAC2DFD01B38058800F60397 /* AppDelegate.m */,
				AAC2DFD21B38058800F60397 /* ViewController.h */,
				AAC2DFD31B38058800F60397 /* ViewController.m */,
				AAC2DFD51B38058800F60397 /* Main.storyboard */,
				AAC2DFD81B38058800F60397 /* Images.xcassets */,
				AAC2DFDA1B38058800F60397 /* LaunchScreen.xib */,
				AAC2DFCB1B38058800F60397 /* Supporting Files */,
			);
			path = CLGeocode;
			sourceTree = "<group>";
		};
		AAC2DFCB1B38058800F60397 /* Supporting Files */ = {
			isa = PBXGroup;
			children = (
				AAC2DFCC1B38058800F60397 /* Info.plist */,
				AAC2DFCD1B38058800F60397 /* main.m */,
			);
			name = "Supporting Files";
			sourceTree = "<group>";
		};
		AAC2DFE41B38058800F60397 /* CLGeocodeTests */ = {
			isa = PBXGroup;
			children = (
				AAC2DFE71B38058800F60397 /* CLGeocodeTests.m */,
				AAC2DFE51B38058800F60397 /* Supporting Files */,
			);
			path = CLGeocodeTests;
			sourceTree = "<group>";
		};
		AAC2DFE51B38058800F60397 /* Supporting Files */ = {
			isa = PBXGroup;
			children = (
				AAC2DFE61B38058800F60397 /* Info.plist */,
			);
			name = "Supporting Files";
			sourceTree = "<group>";
		};
/* End PBXGroup section */

/* Begin PBXNativeTarget section */
		AAC2DFC71B38058800F60397 /* CLGeocode */ = {
			isa = PBXNativeTarget;
			buildConfigurationList = AAC2DFEB1B38058800F60397 /* Build configuration list for PBXNativeTarget "CLGeocode" */;
			buildPhases = (
				AAC2DFC41B38058800F60397 /* Sources */,
				AAC2DFC51B38058800F60397 /* Frameworks */,
				AAC2DFC61B38058800F60397 /* Resources */,
			);
			buildRules = (
			);
			dependencies = (
			);
			name = CLGeocode;
			productName = CLGeocode;
			productReference = AAC2DFC81B38058800F60397 /* CLGeocode.app */;
			productType = "com.apple.product-type.application";
		};
		AAC2DFE01B38058800F60397 /* CLGeocodeTests */ = {
			isa = PBXNativeTarget;
			buildConfigurationList = AAC2DFEE1B38058800F60397 /* Build configuration list for PBXNativeTarget "CLGeocodeTests" */;
			buildPhases = (
				AAC2DFDD1B38058800F60397 /* Sources */,
				AAC2DFDE1B38058800F60397 /* Frameworks */,
				AAC2DFDF1B38058800F60397 /* Resources */,
			);
			buildRules = (
			);
			dependencies = (
				AAC2DFE31B38058800F60397 /* PBXTargetDependency */,
			);
			name = CLGeocodeTests;
			productName = CLGeocodeTests;
			productReference = AAC2DFE11B38058800F60397 /* CLGeocodeTests.xctest */;
			productType = "com.apple.product-type.bundle.unit-test";
		};
/* End PBXNativeTarget section */

/* Begin PBXProject section */
		AAC2DFC01B38058800F60397 /* Project object */ = {
			isa = PBXProject;
			attributes = {
				LastUpgradeCheck = 0610;
				ORGANIZATIONNAME = eminosoft;
				TargetAttributes = {
					AAC2DFC71B38058800F60397 = {
						CreatedOnToolsVersion = 6.1.1;
					};
					AAC2DFE01B38058800F60397 = {
						CreatedOnToolsVersion = 6.1.1;
						TestTargetID = AAC2DFC71B38058800F60397;
					};
				};
			};
			buildConfigurationList = AAC2DFC31B38058800F60397 /* Build configuration list for PBXProject "CLGeocode" */;
			compatibilityVersion = "Xcode 3.2";
			developmentRegion = English;
			hasScannedForEncodings = 0;
			knownRegions = (
				en,
				Base,
			);
			mainGroup = AAC2DFBF1B38058800F60397;
			productRefGroup = AAC2DFC91B38058800F60397 /* Products */;
			projectDirPath = "";
			projectRoot = "";
			targets = (
				AAC2DFC71B38058800F60397 /* CLGeocode */,
				AAC2DFE01B38058800F60397 /* CLGeocodeTests */,
			);
		};
/* End PBXProject section */

/* Begin PBXResourcesBuildPhase section */
		AAC2DFC61B38058800F60397 /* Resources */ = {
			isa = PBXResourcesBuildPhase;
			buildActionMask = 2147483647;
			files = (
				AAC2DFD71B38058800F60397 /* Main.storyboard in Resources */,
				AAC2DFDC1B38058800F60397 /* LaunchScreen.xib in Resources */,
				AAC2DFD91B38058800F60397 /* Images.xcassets in Resources */,
			);
			runOnlyForDeploymentPostprocessing = 0;
		};
		AAC2DFDF1B38058800F60397 /* Resources */ = {
			isa = PBXResourcesBuildPhase;
			buildActionMask = 2147483647;
			files = (
			);
			runOnlyForDeploymentPostprocessing = 0;
		};
/* End PBXResourcesBuildPhase section */

/* Begin PBXSourcesBuildPhase section */
		AAC2DFC41B38058800F60397 /* Sources */ = {
			isa = PBXSourcesBuildPhase;
			buildActionMask = 2147483647;
			files = (
				AAC2DFD41B38058800F60397 /* ViewController.m in Sources */,
				AAC2DFD11B38058800F60397 /* AppDelegate.m in Sources */,
				AAC2DFCE1B38058800F60397 /* main.m in Sources */,
			);
			runOnlyForDeploymentPostprocessing = 0;
		};
		AAC2DFDD1B38058800F60397 /* Sources */ = {
			isa = PBXSourcesBuildPhase;
			buildActionMask = 2147483647;
			files = (
				AAC2DFE81B38058800F60397 /* CLGeocodeTests.m in Sources */,
			);
			runOnlyForDeploymentPostprocessing = 0;
		};
/* End PBXSourcesBuildPhase section */

/* Begin PBXTargetDependency section */
		AAC2DFE31B38058800F60397 /* PBXTargetDependency */ = {
			isa = PBXTargetDependency;
			target = AAC2DFC71B38058800F60397 /* CLGeocode */;
			targetProxy = AAC2DFE21B38058800F60397 /* PBXContainerItemProxy */;
		};
/* End PBXTargetDependency section */

/* Begin PBXVariantGroup section */
		AAC2DFD51B38058800F60397 /* Main.storyboard */ = {
			isa = PBXVariantGroup;
			children = (
				AAC2DFD61B38058800F60397 /* Base */,
			);
			name = Main.storyboard;
			sourceTree = "<group>";
		};
		AAC2DFDA1B38058800F60397 /* LaunchScreen.xib */ = {
			isa = PBXVariantGroup;
			children = (
				AAC2DFDB1B38058800F60397 /* Base */,
			);
			name = LaunchScreen.xib;
			sourceTree = "<group>";
		};
/* End PBXVariantGroup section */

/* Begin XCBuildConfiguration section */
		AAC2DFE91B38058800F60397 /* Debug */ = {
			isa = XCBuildConfiguration;
			buildSettings = {
				ALWAYS_SEARCH_USER_PATHS = NO;
				CLANG_CXX_LANGUAGE_STANDARD = "gnu++0x";
				CLANG_CXX_LIBRARY = "libc++";
				CLANG_ENABLE_MODULES = YES;
				CLANG_ENABLE_OBJC_ARC = YES;
				CLANG_WARN_BOOL_CONVERSION = YES;
				CLANG_WARN_CONSTANT_CONVERSION = YES;
				CLANG_WARN_DIRECT_OBJC_ISA_USAGE = YES_ERROR;
				CLANG_WARN_EMPTY_BODY = YES;
				CLANG_WARN_ENUM_CONVERSION = YES;
				CLANG_WARN_INT_CONVERSION = YES;
				CLANG_WARN_OBJC_ROOT_CLASS = YES_ERROR;
				CLANG_WARN_UNREACHABLE_CODE = YES;
				CLANG_WARN__DUPLICATE_METHOD_MATCH = YES;
				"CODE_SIGN_IDENTITY[sdk=iphoneos*]" = "iPhone Developer";
				COPY_PHASE_STRIP = NO;
				ENABLE_STRICT_OBJC_MSGSEND = YES;
				GCC_C_LANGUAGE_STANDARD = gnu99;
				GCC_DYNAMIC_NO_PIC = NO;
				GCC_OPTIMIZATION_LEVEL = 0;
				GCC_PREPROCESSOR_DEFINITIONS = (
					"DEBUG=1",
					"$(inherited)",
				);
				GCC_SYMBOLS_PRIVATE_EXTERN = NO;
				GCC_WARN_64_TO_32_BIT_CONVERSION = YES;
				GCC_WARN_ABOUT_RETURN_TYPE = YES_ERROR;
				GCC_WARN_UNDECLARED_SELECTOR = YES;
				GCC_WARN_UNINITIALIZED_AUTOS = YES_AGGRESSIVE;
				GCC_WARN_UNUSED_FUNCTION = YES;
				GCC_WARN_UNUSED_VARIABLE = YES;
				IPHONEOS_DEPLOYMENT_TARGET = 8.1;
				MTL_ENABLE_DEBUG_INFO = YES;
				ONLY_ACTIVE_ARCH = YES;
				SDKROOT = iphoneos;
			};
			name = Debug;
		};
		AAC2DFEA1B38058800F60397 /* Release */ = {
			isa = XCBuildConfiguration;
			buildSettings = {
				ALWAYS_SEARCH_USER_PATHS = NO;
				CLANG_CXX_LANGUAGE_STANDARD = "gnu++0x";
				CLANG_CXX_LIBRARY = "libc++";
				CLANG_ENABLE_MODULES = YES;
				CLANG_ENABLE_OBJC_ARC = YES;
				CLANG_WARN_BOOL_CONVERSION = YES;
				CLANG_WARN_CONSTANT_CONVERSION = YES;
				CLANG_WARN_DIRECT_OBJC_ISA_USAGE = YES_ERROR;
				CLANG_WARN_EMPTY_BODY = YES;
				CLANG_WARN_ENUM_CONVERSION = YES;
				CLANG_WARN_INT_CONVERSION = YES;
				CLANG_WARN_OBJC_ROOT_CLASS = YES_ERROR;
				CLANG_WARN_UNREACHABLE_CODE = YES;
				CLANG_WARN__DUPLICATE_METHOD_MATCH = YES;
				"CODE_SIGN_IDENTITY[sdk=iphoneos*]" = "iPhone Developer";
				COPY_PHASE_STRIP = YES;
				ENABLE_NS_ASSERTIONS = NO;
				ENABLE_STRICT_OBJC_MSGSEND = YES;
				GCC_C_LANGUAGE_STANDARD = gnu99;
				GCC_WARN_64_TO_32_BIT_CONVERSION = YES;
				GCC_WARN_ABOUT_RETURN_TYPE = YES_ERROR;
				GCC_WARN_UNDECLARED_SELECTOR = YES;
				GCC_WARN_UNINITIALIZED_AUTOS = YES_AGGRESSIVE;
				GCC_WARN_UNUSED_FUNCTION = YES;
				GCC_WARN_UNUSED_VARIABLE = YES;
				IPHONEOS_DEPLOYMENT_TARGET = 8.1;
				MTL_ENABLE_DEBUG_INFO = NO;
				SDKROOT = iphoneos;
				VALIDATE_PRODUCT = YES;
			};
			name = Release;
		};
		AAC2DFEC1B38058800F60397 /* Debug */ = {
			isa = XCBuildConfiguration;
			buildSettings = {
				ASSETCATALOG_COMPILER_APPICON_NAME = AppIcon;
				INFOPLIST_FILE = CLGeocode/Info.plist;
				LD_RUNPATH_SEARCH_PATHS = "$(inherited) @executable_path/Frameworks";
				PRODUCT_NAME = "$(TARGET_NAME)";
			};
			name = Debug;
		};
		AAC2DFED1B38058800F60397 /* Release */ = {
			isa = XCBuildConfiguration;
			buildSettings = {
				ASSETCATALOG_COMPILER_APPICON_NAME = AppIcon;
				INFOPLIST_FILE = CLGeocode/Info.plist;
				LD_RUNPATH_SEARCH_PATHS = "$(inherited) @executable_path/Frameworks";
				PRODUCT_NAME = "$(TARGET_NAME)";
			};
			name = Release;
		};
		AAC2DFEF1B38058800F60397 /* Debug */ = {
			isa = XCBuildConfiguration;
			buildSettings = {
				BUNDLE_LOADER = "$(TEST_HOST)";
				FRAMEWORK_SEARCH_PATHS = (
					"$(SDKROOT)/Developer/Library/Frameworks",
					"$(inherited)",
				);
				GCC_PREPROCESSOR_DEFINITIONS = (
					"DEBUG=1",
					"$(inherited)",
				);
				INFOPLIST_FILE = CLGeocodeTests/Info.plist;
				LD_RUNPATH_SEARCH_PATHS = "$(inherited) @executable_path/Frameworks @loader_path/Frameworks";
				PRODUCT_NAME = "$(TARGET_NAME)";
				TEST_HOST = "$(BUILT_PRODUCTS_DIR)/CLGeocode.app/CLGeocode";
			};
			name = Debug;
		};
		AAC2DFF01B38058800F60397 /* Release */ = {
			isa = XCBuildConfiguration;
			buildSettings = {
				BUNDLE_LOADER = "$(TEST_HOST)";
				FRAMEWORK_SEARCH_PATHS = (
					"$(SDKROOT)/Developer/Library/Frameworks",
					"$(inherited)",
				);
				INFOPLIST_FILE = CLGeocodeTests/Info.plist;
				LD_RUNPATH_SEARCH_PATHS = "$(inherited) @executable_path/Frameworks @loader_path/Frameworks";
				PRODUCT_NAME = "$(TARGET_NAME)";
				TEST_HOST = "$(BUILT_PRODUCTS_DIR)/CLGeocode.app/CLGeocode";
			};
			name = Release;
		};
/* End XCBuildConfiguration section */

/* Begin XCConfigurationList section */
		AAC2DFC31B38058800F60397 /* Build configuration list for PBXProject "CLGeocode" */ = {
			isa = XCConfigurationList;
			buildConfigurations = (
				AAC2DFE91B38058800F60397 /* Debug */,
				AAC2DFEA1B38058800F60397 /* Release */,
			);
			defaultConfigurationIsVisible = 0;
			defaultConfigurationName = Release;
		};
		AAC2DFEB1B38058800F60397 /* Build configuration list for PBXNativeTarget "CLGeocode" */ = {
			isa = XCConfigurationList;
			buildConfigurations = (
				AAC2DFEC1B38058800F60397 /* Debug */,
				AAC2DFED1B38058800F60397 /* Release */,
			);
			defaultConfigurationIsVisible = 0;
		};
		AAC2DFEE1B38058800F60397 /* Build configuration list for PBXNativeTarget "CLGeocodeTests" */ = {
			isa = XCConfigurationList;
			buildConfigurations = (
				AAC2DFEF1B38058800F60397 /* Debug */,
				AAC2DFF01B38058800F60397 /* Release */,
			);
			defaultConfigurationIsVisible = 0;
		};
/* End XCConfigurationList section */
	};
	rootObject = AAC2DFC01B38058800F60397 /* Project object */;
}
